
Microsoft Visual Studio Solution File, Format Version 12.00
# Visual Studio Version 17
VisualStudioVersion = 17.2.32630.192
MinimumVisualStudioVersion = 10.0.40219.1
Project("{8BC9CEB8-8B4A-11D0-8D11-00A0C91BC942}") = "C_codetest_08_08", "C_codetest_08_08\C_codetest_08_08.vcxproj", "{C9BC630C-BF70-4B3B-9D59-45CB0409AD1B}"
EndProject
Global
	GlobalSection(SolutionConfigurationPlatforms) = preSolution
		Debug|x64 = Debug|x64
		Debug|x86 = Debug|x86
		Release|x64 = Release|x64
		Release|x86 = Release|x86
	EndGlobalSection
	GlobalSection(ProjectConfigurationPlatforms) = postSolution
		{C9BC630C-BF70-4B3B-9D59-45CB0409AD1B}.Debug|x64.ActiveCfg = Debug|x64
		{C9BC630C-BF70-4B3B-9D59-45CB0409AD1B}.Debug|x64.Build.0 = Debug|x64
		{C9BC630C-BF70-4B3B-9D59-45CB0409AD1B}.Debug|x86.ActiveCfg = Debug|Win32
		{C9BC630C-BF70-4B3B-9D59-45CB0409AD1B}.Debug|x86.Build.0 = Debug|Win32
		{C9BC630C-BF70-4B3B-9D59-45CB0409AD1B}.Release|x64.ActiveCfg = Release|x64
		{C9BC630C-BF70-4B3B-9D59-45CB0409AD1B}.Release|x64.Build.0 = Release|x64
		{C9BC630C-BF70-4B3B-9D59-45CB0409AD1B}.Release|x86.ActiveCfg = Release|Win32
		{C9BC630C-BF70-4B3B-9D59-45CB0409AD1B}.Release|x86.Build.0 = Release|Win32
	EndGlobalSection
	GlobalSection(SolutionProperties) = preSolution
		HideSolutionNode = FALSE
	EndGlobalSection
	GlobalSection(ExtensibilityGlobals) = postSolution
		SolutionGuid = {46775CAD-EBA0-4270-80C1-AD64AC1B76F8}
	EndGlobalSection
EndGlobal
